
Microsoft Visual Studio Solution File, Format Version 12.00
# Visual Studio 15
Project("{FAE04EC0-301F-11D3-BF4B-00C04F79EFBC}") = "Assembly-CSharp-firstpass", "Assembly-CSharp-firstpass.csproj", "{642F9EFE-6E02-E980-19A3-7983332A5721}"
EndProject
Project("{FAE04EC0-301F-11D3-BF4B-00C04F79EFBC}") = "AstarPathfindingProject", "AstarPathfindingProject.csproj", "{A3E3998D-A2FB-4584-1979-DA24590E4CAB}"
EndProject
Project("{FAE04EC0-301F-11D3-BF4B-00C04F79EFBC}") = "Assembly-CSharp", "Assembly-CSharp.csproj", "{21E1FE76-CB09-477D-CE1F-EE832E87E038}"
EndProject
Project("{FAE04EC0-301F-11D3-BF4B-00C04F79EFBC}") = "Assembly-CSharp-Editor-firstpass", "Assembly-CSharp-Editor-firstpass.csproj", "{375763BE-2FBD-2D37-0C02-CC62A4F0E9D4}"
EndProject
Project("{FAE04EC0-301F-11D3-BF4B-00C04F79EFBC}") = "AstarPathfindingProjectEditor", "AstarPathfindingProjectEditor.csproj", "{57A501E3-4F51-A8AB-D115-5B4383E173CB}"
EndProject
Project("{FAE04EC0-301F-11D3-BF4B-00C04F79EFBC}") = "Assembly-CSharp-Editor", "Assembly-CSharp-Editor.csproj", "{9203CF65-731E-CF45-C16C-0525775D6CF1}"
EndProject
Project("{FAE04EC0-301F-11D3-BF4B-00C04F79EFBC}") = "PackageToolsEditor", "PackageToolsEditor.csproj", "{7D62388C-FF7F-B33D-B331-00A002B63600}"
EndProject
Global
	GlobalSection(SolutionConfigurationPlatforms) = preSolution
		Debug|Any CPU = Debug|Any CPU
		Release|Any CPU = Release|Any CPU
	EndGlobalSection
	GlobalSection(ProjectConfigurationPlatforms) = postSolution
		{642F9EFE-6E02-E980-19A3-7983332A5721}.Debug|Any CPU.ActiveCfg = Debug|Any CPU
		{642F9EFE-6E02-E980-19A3-7983332A5721}.Debug|Any CPU.Build.0 = Debug|Any CPU
		{642F9EFE-6E02-E980-19A3-7983332A5721}.Release|Any CPU.ActiveCfg = Release|Any CPU
		{642F9EFE-6E02-E980-19A3-7983332A5721}.Release|Any CPU.Build.0 = Release|Any CPU
		{A3E3998D-A2FB-4584-1979-DA24590E4CAB}.Debug|Any CPU.ActiveCfg = Debug|Any CPU
		{A3E3998D-A2FB-4584-1979-DA24590E4CAB}.Debug|Any CPU.Build.0 = Debug|Any CPU
		{A3E3998D-A2FB-4584-1979-DA24590E4CAB}.Release|Any CPU.ActiveCfg = Release|Any CPU
		{A3E3998D-A2FB-4584-1979-DA24590E4CAB}.Release|Any CPU.Build.0 = Release|Any CPU
		{21E1FE76-CB09-477D-CE1F-EE832E87E038}.Debug|Any CPU.ActiveCfg = Debug|Any CPU
		{21E1FE76-CB09-477D-CE1F-EE832E87E038}.Debug|Any CPU.Build.0 = Debug|Any CPU
		{21E1FE76-CB09-477D-CE1F-EE832E87E038}.Release|Any CPU.ActiveCfg = Release|Any CPU
		{21E1FE76-CB09-477D-CE1F-EE832E87E038}.Release|Any CPU.Build.0 = Release|Any CPU
		{375763BE-2FBD-2D37-0C02-CC62A4F0E9D4}.Debug|Any CPU.ActiveCfg = Debug|Any CPU
		{375763BE-2FBD-2D37-0C02-CC62A4F0E9D4}.Debug|Any CPU.Build.0 = Debug|Any CPU
		{375763BE-2FBD-2D37-0C02-CC62A4F0E9D4}.Release|Any CPU.ActiveCfg = Release|Any CPU
		{375763BE-2FBD-2D37-0C02-CC62A4F0E9D4}.Release|Any CPU.Build.0 = Release|Any CPU
		{57A501E3-4F51-A8AB-D115-5B4383E173CB}.Debug|Any CPU.ActiveCfg = Debug|Any CPU
		{57A501E3-4F51-A8AB-D115-5B4383E173CB}.Debug|Any CPU.Build.0 = Debug|Any CPU
		{57A501E3-4F51-A8AB-D115-5B4383E173CB}.Release|Any CPU.ActiveCfg = Release|Any CPU
		{57A501E3-4F51-A8AB-D115-5B4383E173CB}.Release|Any CPU.Build.0 = Release|Any CPU
		{9203CF65-731E-CF45-C16C-0525775D6CF1}.Debug|Any CPU.ActiveCfg = Debug|Any CPU
		{9203CF65-731E-CF45-C16C-0525775D6CF1}.Debug|Any CPU.Build.0 = Debug|Any CPU
		{9203CF65-731E-CF45-C16C-0525775D6CF1}.Release|Any CPU.ActiveCfg = Release|Any CPU
		{9203CF65-731E-CF45-C16C-0525775D6CF1}.Release|Any CPU.Build.0 = Release|Any CPU
		{7D62388C-FF7F-B33D-B331-00A002B63600}.Debug|Any CPU.ActiveCfg = Debug|Any CPU
		{7D62388C-FF7F-B33D-B331-00A002B63600}.Debug|Any CPU.Build.0 = Debug|Any CPU
		{7D62388C-FF7F-B33D-B331-00A002B63600}.Release|Any CPU.ActiveCfg = Release|Any CPU
		{7D62388C-FF7F-B33D-B331-00A002B63600}.Release|Any CPU.Build.0 = Release|Any CPU
	EndGlobalSection
	GlobalSection(SolutionProperties) = preSolution
		HideSolutionNode = FALSE
	EndGlobalSection
EndGlobal
